
Microsoft Visual Studio Solution File, Format Version 12.00
# Visual Studio Version 16
VisualStudioVersion = 16.0.31205.134
MinimumVisualStudioVersion = 10.0.40219.1
Project("{8BC9CEB8-8B4A-11D0-8D11-00A0C91BC942}") = "Server", "Server\Server.vcxproj", "{EF677B65-F25B-4275-935D-E0BD94ACBF74}"
EndProject
Project("{8BC9CEB8-8B4A-11D0-8D11-00A0C91BC942}") = "Client", "Client\Client.vcxproj", "{26CD148C-7716-4EF8-BADF-4179D63020C9}"
EndProject
Global
	GlobalSection(SolutionConfigurationPlatforms) = preSolution
		Debug|x64 = Debug|x64
		Debug|x86 = Debug|x86
		Release|x64 = Release|x64
		Release|x86 = Release|x86
	EndGlobalSection
	GlobalSection(ProjectConfigurationPlatforms) = postSolution
		{EF677B65-F25B-4275-935D-E0BD94ACBF74}.Debug|x64.ActiveCfg = Debug|x64
		{EF677B65-F25B-4275-935D-E0BD94ACBF74}.Debug|x64.Build.0 = Debug|x64
		{EF677B65-F25B-4275-935D-E0BD94ACBF74}.Debug|x86.ActiveCfg = Debug|Win32
		{EF677B65-F25B-4275-935D-E0BD94ACBF74}.Debug|x86.Build.0 = Debug|Win32
		{EF677B65-F25B-4275-935D-E0BD94ACBF74}.Release|x64.ActiveCfg = Release|x64
		{EF677B65-F25B-4275-935D-E0BD94ACBF74}.Release|x64.Build.0 = Release|x64
		{EF677B65-F25B-4275-935D-E0BD94ACBF74}.Release|x86.ActiveCfg = Release|Win32
		{EF677B65-F25B-4275-935D-E0BD94ACBF74}.Release|x86.Build.0 = Release|Win32
		{26CD148C-7716-4EF8-BADF-4179D63020C9}.Debug|x64.ActiveCfg = Debug|x64
		{26CD148C-7716-4EF8-BADF-4179D63020C9}.Debug|x64.Build.0 = Debug|x64
		{26CD148C-7716-4EF8-BADF-4179D63020C9}.Debug|x86.ActiveCfg = Debug|Win32
		{26CD148C-7716-4EF8-BADF-4179D63020C9}.Debug|x86.Build.0 = Debug|Win32
		{26CD148C-7716-4EF8-BADF-4179D63020C9}.Release|x64.ActiveCfg = Release|x64
		{26CD148C-7716-4EF8-BADF-4179D63020C9}.Release|x64.Build.0 = Release|x64
		{26CD148C-7716-4EF8-BADF-4179D63020C9}.Release|x86.ActiveCfg = Release|Win32
		{26CD148C-7716-4EF8-BADF-4179D63020C9}.Release|x86.Build.0 = Release|Win32
	EndGlobalSection
	GlobalSection(SolutionProperties) = preSolution
		HideSolutionNode = FALSE
	EndGlobalSection
	GlobalSection(ExtensibilityGlobals) = postSolution
		SolutionGuid = {79AF28F3-CB66-4FCC-87A2-5FFFE8BA9929}
	EndGlobalSection
EndGlobal
